PODS:
  - Alamofire (5.11.1)
  - IGListDiffKit (5.1.0)
  - IGListKit (5.1.0):
    - IGListDiffKit (= 5.1.0)
  - Kingfisher (8.6.2)
  - RxBlocking (6.5.0):
    - RxSwift (= 6.5.0)
  - RxCocoa (6.5.0):
    - RxRelay (= 6.5.0)
    - RxSwift (= 6.5.0)
  - RxRelay (6.5.0):
    - RxSwift (= 6.5.0)
  - RxSwift (6.5.0)
  - RxTest (6.5.0):
    - RxSwift (= 6.5.0)
  - SnapKit (5.7.1)

DEPENDENCIES:
  - Alamofire
  - IGListKit (~> 5.1.0)
  - Kingfisher (~> 8.0)
  - RxBlocking (= 6.5.0)
  - RxCocoa (= 6.5.0)
  - RxSwift (= 6.5.0)
  - RxTest (= 6.5.0)
  - SnapKit (~> 5.7.0)

SPEC REPOS:
  trunk:
    - Alamofire
    - IGListDiffKit
    - IGListKit
    - Kingfisher
    - RxBlocking
    - RxCocoa
    - RxRelay
    - RxSwift
    - RxTest
    - SnapKit

SPEC CHECKSUMS:
  Alamofire: eec6cd8f73b242b59e34153a606a909eb9864b14
  IGListDiffKit: f3e9bb6b993a6127a25234e1713fbf32f26a6c63
  IGListKit: d753b3d4df9edb381af491109d11a1084fad5f67
  Kingfisher: 23d18f54677d973b713e54ce6a8f5eef6e7056ba
  RxBlocking: 04b5fd28bb5ea49f7d64b80db8bbfe50d9cc1c7d
  RxCocoa: 94f817b71c07517321eb4f9ad299112ca8af743b
  RxRelay: 1de1523e604c72b6c68feadedd1af3b1b4d0ecbd
  RxSwift: 5710a9e6b17f3c3d6e40d6e559b9fa1e813b2ef8
  RxTest: eb2d23adefc5a5ebf5779c7792fa3edfe6ebcc17
  SnapKit: d612e99e678a2d3b95bf60b0705ed0a35c03484a

PODFILE CHECKSUM: 692020dac6e927c214d07b6bf27b56f25ce10fba

COCOAPODS: 1.16.2
